# THIS IS AN AUTOGENERATED FILE. DO NOT EDIT THIS FILE DIRECTLY.
# yarn lockfile v1


highlight.js@^9.12.0:
  version "9.12.0"
  resolved "https://registry.yarnpkg.com/highlight.js/-/highlight.js-9.12.0.tgz#e6d9dbe57cbefe60751f02af336195870c90c01e"

jquery@>=1.8:
  version "3.3.1"
  resolved "https://registry.yarnpkg.com/jquery/-/jquery-3.3.1.tgz#958ce29e81c9790f31be7792df5d4d95fc57fbca"

marked@^0.3.12:
  version "0.3.12"
  resolved "https://registry.yarnpkg.com/marked/-/marked-0.3.12.tgz#7cf25ff2252632f3fe2406bde258e94eee927519"

textarea-autosize@^0.4.2:
  version "0.4.2"
  resolved "https://registry.yarnpkg.com/textarea-autosize/-/textarea-autosize-0.4.2.tgz#f2fb0263b27fb4e7cf67abfe6e51f3cd712720cf"
  dependencies:
    jquery ">=1.8"
